
Microsoft Visual Studio Solution File, Format Version 12.00
# Visual Studio 2017
Project("{FAE04EC0-301F-11D3-BF4B-00C04F79EFBC}") = "VSS", "VSS.csproj", "{6AE783D9-3329-5B31-E39F-D2CDC74FA545}"
EndProject
Project("{FAE04EC0-301F-11D3-BF4B-00C04F79EFBC}") = "VSS.Editor", "VSS.Editor.csproj", "{C9E62BC5-01A0-B54A-F35A-A295BA371101}"
EndProject
Global
	GlobalSection(SolutionConfigurationPlatforms) = preSolution
		Debug|Any CPU = Debug|Any CPU
		Release|Any CPU = Release|Any CPU
	EndGlobalSection
	GlobalSection(ProjectConfigurationPlatforms) = postSolution
		{6AE783D9-3329-5B31-E39F-D2CDC74FA545}.Debug|Any CPU.ActiveCfg = Debug|Any CPU
		{6AE783D9-3329-5B31-E39F-D2CDC74FA545}.Debug|Any CPU.Build.0 = Debug|Any CPU
		{6AE783D9-3329-5B31-E39F-D2CDC74FA545}.Release|Any CPU.ActiveCfg = Release|Any CPU
		{6AE783D9-3329-5B31-E39F-D2CDC74FA545}.Release|Any CPU.Build.0 = Release|Any CPU
		{C9E62BC5-01A0-B54A-F35A-A295BA371101}.Debug|Any CPU.ActiveCfg = Debug|Any CPU
		{C9E62BC5-01A0-B54A-F35A-A295BA371101}.Debug|Any CPU.Build.0 = Debug|Any CPU
		{C9E62BC5-01A0-B54A-F35A-A295BA371101}.Release|Any CPU.ActiveCfg = Release|Any CPU
		{C9E62BC5-01A0-B54A-F35A-A295BA371101}.Release|Any CPU.Build.0 = Release|Any CPU
	EndGlobalSection
	GlobalSection(SolutionProperties) = preSolution
		HideSolutionNode = FALSE
	EndGlobalSection
EndGlobal
